
Microsoft Visual Studio Solution File, Format Version 12.00
# Visual Studio Version 17
VisualStudioVersion = 17.1.32210.238
MinimumVisualStudioVersion = 10.0.40219.1
Project("{FAE04EC0-301F-11D3-BF4B-00C04F79EFBC}") = "ConsoleApp5", "ConsoleApp5.csproj", "{47B2DF24-142E-409B-8F43-8B3A72CA073F}"
EndProject
Global
	GlobalSection(SolutionConfigurationPlatforms) = preSolution
		Debug|Any CPU = Debug|Any CPU
		Release|Any CPU = Release|Any CPU
	EndGlobalSection
	GlobalSection(ProjectConfigurationPlatforms) = postSolution
		{47B2DF24-142E-409B-8F43-8B3A72CA073F}.Debug|Any CPU.ActiveCfg = Debug|Any CPU
		{47B2DF24-142E-409B-8F43-8B3A72CA073F}.Debug|Any CPU.Build.0 = Debug|Any CPU
		{47B2DF24-142E-409B-8F43-8B3A72CA073F}.Release|Any CPU.ActiveCfg = Release|Any CPU
		{47B2DF24-142E-409B-8F43-8B3A72CA073F}.Release|Any CPU.Build.0 = Release|Any CPU
	EndGlobalSection
	GlobalSection(SolutionProperties) = preSolution
		HideSolutionNode = FALSE
	EndGlobalSection
	GlobalSection(ExtensibilityGlobals) = postSolution
		SolutionGuid = {09363D01-FAF6-426D-AE48-01955BA34BF6}
	EndGlobalSection
EndGlobal
